PODS:
  - NICardManagementSDK (2.1.1)

DEPENDENCIES:
  - NICardManagementSDK (from `../`)

EXTERNAL SOURCES:
  NICardManagementSDK:
    :path: "../"

SPEC CHECKSUMS:
  NICardManagementSDK: 19c40ff40848c3c1b295bea1a176b0506b3f4287

PODFILE CHECKSUM: 728cf17c9caf3b85f8c7a736f40c2d76590596ae

COCOAPODS: 1.16.2
