PODS:
  - NICardManagementSDK (2.0.0-alpha.1)

DEPENDENCIES:
  - NICardManagementSDK (from `../`)

EXTERNAL SOURCES:
  NICardManagementSDK:
    :path: "../"

SPEC CHECKSUMS:
  NICardManagementSDK: 6cb658b9c235b4fad2726033b5520030e981b0a5

PODFILE CHECKSUM: bfce438504b8f1e7a7a62f1f214596f591afae78

COCOAPODS: 1.15.2
