// !$*UTF8*$!
{
	archiveVersion = 1;
	classes = {
	};
	objectVersion = 55;
	objects = {

/* Begin PBXBuildFile section */
		A1B2C3D4E5F608090A0B0C01 /* NICardManagementSDKCore in Frameworks */ = {isa = PBXBuildFile; productRef = A1B2C3D4E5F608090A0B0C02 /* NICardManagementSDKCore */; };
		2A17CB4F29DC28D700AD04EC /* VerifyPinViewController.swift in Sources */ = {isa = PBXBuildFile; fileRef = 2A17CB4D29DC28D700AD04EC /* VerifyPinViewController.swift */; };
		2A17CB5029DC28D700AD04EC /* VerifyPinViewController.xib in Resources */ = {isa = PBXBuildFile; fileRef = 2A17CB4E29DC28D700AD04EC /* VerifyPinViewController.xib */; };
		2A21795928F07FBA002D807C /* NICardElementsPresenter.swift in Sources */ = {isa = PBXBuildFile; fileRef = 2A21795828F07FBA002D807C /* NICardElementsPresenter.swift */; };
		2A4C17C929DC1EE4005CD9A0 /* VerifyPinViewModel.swift in Sources */ = {isa = PBXBuildFile; fileRef = 2A4C17C829DC1EE4005CD9A0 /* VerifyPinViewModel.swift */; };
		2A7821F528F9A996006B54F7 /* PinViewViewModel.swift in Sources */ = {isa = PBXBuildFile; fileRef = 2A7821F428F9A996006B54F7 /* PinViewViewModel.swift */; };
		2A7993272A0E4C9C00EB4CAE /* NICardDetailsTextPositioning.swift in Sources */ = {isa = PBXBuildFile; fileRef = 2A7993262A0E4C9C00EB4CAE /* NICardDetailsTextPositioning.swift */; };
		2A82D06D28F584D700F57DC6 /* SetPinViewController.swift in Sources */ = {isa = PBXBuildFile; fileRef = 2A82D06B28F584D700F57DC6 /* SetPinViewController.swift */; };
		2A82D06E28F584D700F57DC6 /* SetPinViewController.xib in Resources */ = {isa = PBXBuildFile; fileRef = 2A82D06C28F584D700F57DC6 /* SetPinViewController.xib */; };
		2A82D07028F5854600F57DC6 /* SetPinViewModel.swift in Sources */ = {isa = PBXBuildFile; fileRef = 2A82D06F28F5854600F57DC6 /* SetPinViewModel.swift */; };
		2A82D07228F59DE300F57DC6 /* DotView.swift in Sources */ = {isa = PBXBuildFile; fileRef = 2A82D07128F59DE300F57DC6 /* DotView.swift */; };
		2A82D07428F59E5400F57DC6 /* KeyboardButton.swift in Sources */ = {isa = PBXBuildFile; fileRef = 2A82D07328F59E5400F57DC6 /* KeyboardButton.swift */; };
		2AAA25AA2A8E23710068466D /* NIViewPinView.xib in Resources */ = {isa = PBXBuildFile; fileRef = 2AAA25A92A8E23710068466D /* NIViewPinView.xib */; };
		2AAA25AC2A8E238C0068466D /* NIViewPinView.swift in Sources */ = {isa = PBXBuildFile; fileRef = 2AAA25AB2A8E238C0068466D /* NIViewPinView.swift */; };
		2AAA25B22A8ED2AB0068466D /* ViewPinViewModel.swift in Sources */ = {isa = PBXBuildFile; fileRef = 2AAA25B12A8ED2AB0068466D /* ViewPinViewModel.swift */; };
		2AB28EF6290027A90078E75C /* Assets.xcassets in Resources */ = {isa = PBXBuildFile; fileRef = 2AB28EF5290027A90078E75C /* Assets.xcassets */; };
		2AC614772907E91F0008B389 /* UIView+Constraints.swift in Sources */ = {isa = PBXBuildFile; fileRef = 2AC614762907E91F0008B389 /* UIView+Constraints.swift */; };
		2ACE7F7028F837E500A8B01D /* PinView.xib in Resources */ = {isa = PBXBuildFile; fileRef = 2ACE7F6F28F837E500A8B01D /* PinView.xib */; };
		2ACE7F7228F8388800A8B01D /* PinView.swift in Sources */ = {isa = PBXBuildFile; fileRef = 2ACE7F7128F8388800A8B01D /* PinView.swift */; };
		2AD494F02906A6F000E25695 /* ChangePinViewController.swift in Sources */ = {isa = PBXBuildFile; fileRef = 2AD494EE2906A6F000E25695 /* ChangePinViewController.swift */; };
		2AD494F12906A6F000E25695 /* ChangePinViewController.xib in Resources */ = {isa = PBXBuildFile; fileRef = 2AD494EF2906A6F000E25695 /* ChangePinViewController.xib */; };
		2AD494F32906A93500E25695 /* ChangePinViewModel.swift in Sources */ = {isa = PBXBuildFile; fileRef = 2AD494F22906A93500E25695 /* ChangePinViewModel.swift */; };
		BA98DEFE2BBEDB3300A0C434 /* UIElement.swift in Sources */ = {isa = PBXBuildFile; fileRef = BA98DEFD2BBEDB3300A0C434 /* UIElement.swift */; };
		F447E4772901923F005A5F46 /* UIViewController+Alerts.swift in Sources */ = {isa = PBXBuildFile; fileRef = F447E4762901923F005A5F46 /* UIViewController+Alerts.swift */; };
		F447E47929019CF2005A5F46 /* NIPinFormType.swift in Sources */ = {isa = PBXBuildFile; fileRef = F447E47829019CF2005A5F46 /* NIPinFormType.swift */; };
		F48CFC20292F8DB8000DEF69 /* NICardView.swift in Sources */ = {isa = PBXBuildFile; fileRef = F48CFC1F292F8DB8000DEF69 /* NICardView.swift */; };
		F4C7259E2933FBEF001B28A8 /* EyeButton.swift in Sources */ = {isa = PBXBuildFile; fileRef = F4C7259D2933FBEF001B28A8 /* EyeButton.swift */; };
		F4C725A629377062001B28A8 /* NICardAttributes.swift in Sources */ = {isa = PBXBuildFile; fileRef = F4C725A529377062001B28A8 /* NICardAttributes.swift */; };
		F4D0BFC42930AD6D0006080C /* NibLoadable.swift in Sources */ = {isa = PBXBuildFile; fileRef = F4D0BFC32930AD6D0006080C /* NibLoadable.swift */; };
		F4DE3B8829125A8900BF4727 /* UIFont+Utils.swift in Sources */ = {isa = PBXBuildFile; fileRef = F4DE3B8729125A8900BF4727 /* UIFont+Utils.swift */; };
		F4DE3B8A29125AAD00BF4727 /* Bundle+Utils.swift in Sources */ = {isa = PBXBuildFile; fileRef = F4DE3B8929125AAD00BF4727 /* Bundle+Utils.swift */; };
		F4DE3BCE2915773300BF4727 /* UIColor+Utils.swift in Sources */ = {isa = PBXBuildFile; fileRef = F4DE3BCD2915773300BF4727 /* UIColor+Utils.swift */; };
		F4E7697028EBF9E800CDC7E4 /* NICardManagementSDK.framework in Frameworks */ = {isa = PBXBuildFile; fileRef = F4E7696528EBF9E800CDC7E4 /* NICardManagementSDK.framework */; };
		F4E7697528EBF9E800CDC7E4 /* CardManagementSDKTests.swift in Sources */ = {isa = PBXBuildFile; fileRef = F4E7697428EBF9E800CDC7E4 /* CardManagementSDKTests.swift */; };
		F4E7697628EBF9E800CDC7E4 /* CardManagementSDK.h in Headers */ = {isa = PBXBuildFile; fileRef = F4E7696828EBF9E800CDC7E4 /* CardManagementSDK.h */; settings = {ATTRIBUTES = (Public, ); }; };
		F4E7698228EC4BF500CDC7E4 /* NICardManagementAPI.swift in Sources */ = {isa = PBXBuildFile; fileRef = F4E7698128EC4BF500CDC7E4 /* NICardManagementAPI.swift */; };
		F4E76A0428EDDFC000CDC7E4 /* Coordinator.swift in Sources */ = {isa = PBXBuildFile; fileRef = F4E76A0328EDDFC000CDC7E4 /* Coordinator.swift */; };
		F4E76A0A28EDE19900CDC7E4 /* CardDetailsViewController.swift in Sources */ = {isa = PBXBuildFile; fileRef = F4E76A0828EDE19900CDC7E4 /* CardDetailsViewController.swift */; };
		F4E76A0B28EDE19900CDC7E4 /* CardDetailsViewController.xib in Resources */ = {isa = PBXBuildFile; fileRef = F4E76A0928EDE19900CDC7E4 /* CardDetailsViewController.xib */; };
		F4E76A0F28EEC01200CDC7E4 /* FormCoordinator.swift in Sources */ = {isa = PBXBuildFile; fileRef = F4E76A0E28EEC01200CDC7E4 /* FormCoordinator.swift */; };
/* End PBXBuildFile section */

/* Begin PBXContainerItemProxy section */
		F4E7697128EBF9E800CDC7E4 /* PBXContainerItemProxy */ = {
			isa = PBXContainerItemProxy;
			containerPortal = F4E7695C28EBF9E800CDC7E4 /* Project object */;
			proxyType = 1;
			remoteGlobalIDString = F4E7696428EBF9E800CDC7E4;
			remoteInfo = CardManagementSDK;
		};
/* End PBXContainerItemProxy section */

/* Begin PBXFileReference section */
		2A17CB4D29DC28D700AD04EC /* VerifyPinViewController.swift */ = {isa = PBXFileReference; lastKnownFileType = sourcecode.swift; path = VerifyPinViewController.swift; sourceTree = "<group>"; };
		2A17CB4E29DC28D700AD04EC /* VerifyPinViewController.xib */ = {isa = PBXFileReference; lastKnownFileType = file.xib; path = VerifyPinViewController.xib; sourceTree = "<group>"; };
		2A21795828F07FBA002D807C /* NICardElementsPresenter.swift */ = {isa = PBXFileReference; lastKnownFileType = sourcecode.swift; path = NICardElementsPresenter.swift; sourceTree = "<group>"; };
		2A4C17C829DC1EE4005CD9A0 /* VerifyPinViewModel.swift */ = {isa = PBXFileReference; lastKnownFileType = sourcecode.swift; path = VerifyPinViewModel.swift; sourceTree = "<group>"; };
		2A7821F428F9A996006B54F7 /* PinViewViewModel.swift */ = {isa = PBXFileReference; lastKnownFileType = sourcecode.swift; path = PinViewViewModel.swift; sourceTree = "<group>"; };
		2A7993262A0E4C9C00EB4CAE /* NICardDetailsTextPositioning.swift */ = {isa = PBXFileReference; lastKnownFileType = sourcecode.swift; path = NICardDetailsTextPositioning.swift; sourceTree = "<group>"; };
		2A82D06B28F584D700F57DC6 /* SetPinViewController.swift */ = {isa = PBXFileReference; lastKnownFileType = sourcecode.swift; path = SetPinViewController.swift; sourceTree = "<group>"; };
		2A82D06C28F584D700F57DC6 /* SetPinViewController.xib */ = {isa = PBXFileReference; lastKnownFileType = file.xib; path = SetPinViewController.xib; sourceTree = "<group>"; };
		2A82D06F28F5854600F57DC6 /* SetPinViewModel.swift */ = {isa = PBXFileReference; lastKnownFileType = sourcecode.swift; path = SetPinViewModel.swift; sourceTree = "<group>"; };
		2A82D07128F59DE300F57DC6 /* DotView.swift */ = {isa = PBXFileReference; lastKnownFileType = sourcecode.swift; path = DotView.swift; sourceTree = "<group>"; };
		2A82D07328F59E5400F57DC6 /* KeyboardButton.swift */ = {isa = PBXFileReference; lastKnownFileType = sourcecode.swift; path = KeyboardButton.swift; sourceTree = "<group>"; };
		2AAA25A92A8E23710068466D /* NIViewPinView.xib */ = {isa = PBXFileReference; lastKnownFileType = file.xib; path = NIViewPinView.xib; sourceTree = "<group>"; };
		2AAA25AB2A8E238C0068466D /* NIViewPinView.swift */ = {isa = PBXFileReference; lastKnownFileType = sourcecode.swift; path = NIViewPinView.swift; sourceTree = "<group>"; };
		2AAA25B12A8ED2AB0068466D /* ViewPinViewModel.swift */ = {isa = PBXFileReference; lastKnownFileType = sourcecode.swift; path = ViewPinViewModel.swift; sourceTree = "<group>"; };
		2AB28EF5290027A90078E75C /* Assets.xcassets */ = {isa = PBXFileReference; lastKnownFileType = folder.assetcatalog; path = Assets.xcassets; sourceTree = "<group>"; };
		2AC614762907E91F0008B389 /* UIView+Constraints.swift */ = {isa = PBXFileReference; lastKnownFileType = sourcecode.swift; path = "UIView+Constraints.swift"; sourceTree = "<group>"; };
		2ACE7F6F28F837E500A8B01D /* PinView.xib */ = {isa = PBXFileReference; lastKnownFileType = file.xib; path = PinView.xib; sourceTree = "<group>"; };
		2ACE7F7128F8388800A8B01D /* PinView.swift */ = {isa = PBXFileReference; lastKnownFileType = sourcecode.swift; path = PinView.swift; sourceTree = "<group>"; };
		2AD494EE2906A6F000E25695 /* ChangePinViewController.swift */ = {isa = PBXFileReference; lastKnownFileType = sourcecode.swift; path = ChangePinViewController.swift; sourceTree = "<group>"; };
		2AD494EF2906A6F000E25695 /* ChangePinViewController.xib */ = {isa = PBXFileReference; lastKnownFileType = file.xib; path = ChangePinViewController.xib; sourceTree = "<group>"; };
		2AD494F22906A93500E25695 /* ChangePinViewModel.swift */ = {isa = PBXFileReference; lastKnownFileType = sourcecode.swift; path = ChangePinViewModel.swift; sourceTree = "<group>"; };
		BA98DEFD2BBEDB3300A0C434 /* UIElement.swift */ = {isa = PBXFileReference; fileEncoding = 4; lastKnownFileType = sourcecode.swift; path = UIElement.swift; sourceTree = "<group>"; };
		F447E4762901923F005A5F46 /* UIViewController+Alerts.swift */ = {isa = PBXFileReference; lastKnownFileType = sourcecode.swift; path = "UIViewController+Alerts.swift"; sourceTree = "<group>"; };
		F447E47829019CF2005A5F46 /* NIPinFormType.swift */ = {isa = PBXFileReference; lastKnownFileType = sourcecode.swift; path = NIPinFormType.swift; sourceTree = "<group>"; };
		F48CFC1F292F8DB8000DEF69 /* NICardView.swift */ = {isa = PBXFileReference; lastKnownFileType = sourcecode.swift; path = NICardView.swift; sourceTree = "<group>"; };
		F4C7259D2933FBEF001B28A8 /* EyeButton.swift */ = {isa = PBXFileReference; lastKnownFileType = sourcecode.swift; path = EyeButton.swift; sourceTree = "<group>"; };
		F4C725A529377062001B28A8 /* NICardAttributes.swift */ = {isa = PBXFileReference; lastKnownFileType = sourcecode.swift; path = NICardAttributes.swift; sourceTree = "<group>"; };
		F4D0BFC32930AD6D0006080C /* NibLoadable.swift */ = {isa = PBXFileReference; lastKnownFileType = sourcecode.swift; path = NibLoadable.swift; sourceTree = "<group>"; };
		F4DE3B8629124B5700BF4727 /* NICardManagementSDK-Info.plist */ = {isa = PBXFileReference; lastKnownFileType = text.plist; path = "NICardManagementSDK-Info.plist"; sourceTree = "<group>"; };
		F4DE3B8729125A8900BF4727 /* UIFont+Utils.swift */ = {isa = PBXFileReference; lastKnownFileType = sourcecode.swift; path = "UIFont+Utils.swift"; sourceTree = "<group>"; };
		F4DE3B8929125AAD00BF4727 /* Bundle+Utils.swift */ = {isa = PBXFileReference; lastKnownFileType = sourcecode.swift; path = "Bundle+Utils.swift"; sourceTree = "<group>"; };
		F4DE3BCD2915773300BF4727 /* UIColor+Utils.swift */ = {isa = PBXFileReference; lastKnownFileType = sourcecode.swift; path = "UIColor+Utils.swift"; sourceTree = "<group>"; };
		F4E7696528EBF9E800CDC7E4 /* NICardManagementSDK.framework */ = {isa = PBXFileReference; explicitFileType = wrapper.framework; includeInIndex = 0; path = NICardManagementSDK.framework; sourceTree = BUILT_PRODUCTS_DIR; };
		F4E7696828EBF9E800CDC7E4 /* CardManagementSDK.h */ = {isa = PBXFileReference; lastKnownFileType = sourcecode.c.h; path = CardManagementSDK.h; sourceTree = "<group>"; };
		F4E7696928EBF9E800CDC7E4 /* CardManagementSDK.docc */ = {isa = PBXFileReference; lastKnownFileType = folder.documentationcatalog; path = CardManagementSDK.docc; sourceTree = "<group>"; };
		F4E7696F28EBF9E800CDC7E4 /* CardManagementSDKTests.xctest */ = {isa = PBXFileReference; explicitFileType = wrapper.cfbundle; includeInIndex = 0; path = CardManagementSDKTests.xctest; sourceTree = BUILT_PRODUCTS_DIR; };
		F4E7697428EBF9E800CDC7E4 /* CardManagementSDKTests.swift */ = {isa = PBXFileReference; lastKnownFileType = sourcecode.swift; path = CardManagementSDKTests.swift; sourceTree = "<group>"; };
		F4E7698128EC4BF500CDC7E4 /* NICardManagementAPI.swift */ = {isa = PBXFileReference; lastKnownFileType = sourcecode.swift; path = NICardManagementAPI.swift; sourceTree = "<group>"; };
		F4E76A0328EDDFC000CDC7E4 /* Coordinator.swift */ = {isa = PBXFileReference; lastKnownFileType = sourcecode.swift; path = Coordinator.swift; sourceTree = "<group>"; };
		F4E76A0828EDE19900CDC7E4 /* CardDetailsViewController.swift */ = {isa = PBXFileReference; lastKnownFileType = sourcecode.swift; path = CardDetailsViewController.swift; sourceTree = "<group>"; };
		F4E76A0928EDE19900CDC7E4 /* CardDetailsViewController.xib */ = {isa = PBXFileReference; lastKnownFileType = file.xib; path = CardDetailsViewController.xib; sourceTree = "<group>"; };
		F4E76A0E28EEC01200CDC7E4 /* FormCoordinator.swift */ = {isa = PBXFileReference; lastKnownFileType = sourcecode.swift; path = FormCoordinator.swift; sourceTree = "<group>"; };
/* End PBXFileReference section */

/* Begin PBXFrameworksBuildPhase section */
		F4E7696228EBF9E800CDC7E4 /* Frameworks */ = {
			isa = PBXFrameworksBuildPhase;
			buildActionMask = 2147483647;
			files = (
				A1B2C3D4E5F608090A0B0C01 /* NICardManagementSDKCore in Frameworks */,
			);
			runOnlyForDeploymentPostprocessing = 0;
		};
		F4E7696C28EBF9E800CDC7E4 /* Frameworks */ = {
			isa = PBXFrameworksBuildPhase;
			buildActionMask = 2147483647;
			files = (
				F4E7697028EBF9E800CDC7E4 /* NICardManagementSDK.framework in Frameworks */,
			);
			runOnlyForDeploymentPostprocessing = 0;
		};
/* End PBXFrameworksBuildPhase section */

/* Begin PBXGroup section */
		2A4C17C729DC1EB9005CD9A0 /* VerifyPin */ = {
			isa = PBXGroup;
			children = (
				2A4C17C829DC1EE4005CD9A0 /* VerifyPinViewModel.swift */,
				2A17CB4D29DC28D700AD04EC /* VerifyPinViewController.swift */,
				2A17CB4E29DC28D700AD04EC /* VerifyPinViewController.xib */,
			);
			path = VerifyPin;
			sourceTree = "<group>";
		};
		2A82D06A28F5848A00F57DC6 /* Pin */ = {
			isa = PBXGroup;
			children = (
				2A7821F428F9A996006B54F7 /* PinViewViewModel.swift */,
				2A82D06B28F584D700F57DC6 /* SetPinViewController.swift */,
				2A82D06C28F584D700F57DC6 /* SetPinViewController.xib */,
				2A82D06F28F5854600F57DC6 /* SetPinViewModel.swift */,
				2A82D07128F59DE300F57DC6 /* DotView.swift */,
				2A82D07328F59E5400F57DC6 /* KeyboardButton.swift */,
				2ACE7F6F28F837E500A8B01D /* PinView.xib */,
				2ACE7F7128F8388800A8B01D /* PinView.swift */,
			);
			path = Pin;
			sourceTree = "<group>";
		};
		2AAA25A42A8DF4CD0068466D /* ViewPin */ = {
			isa = PBXGroup;
			children = (
				2AAA25A92A8E23710068466D /* NIViewPinView.xib */,
				2AAA25AB2A8E238C0068466D /* NIViewPinView.swift */,
				2AAA25B12A8ED2AB0068466D /* ViewPinViewModel.swift */,
			);
			path = ViewPin;
			sourceTree = "<group>";
		};
		2AD494ED2906A6D500E25695 /* ChangePin */ = {
			isa = PBXGroup;
			children = (
				2AD494EE2906A6F000E25695 /* ChangePinViewController.swift */,
				2AD494EF2906A6F000E25695 /* ChangePinViewController.xib */,
				2AD494F22906A93500E25695 /* ChangePinViewModel.swift */,
			);
			path = ChangePin;
			sourceTree = "<group>";
		};
		F42E80352943612000640860 /* x509 */ = {
			isa = PBXGroup;
			children = (
				F42E809F29470A5400640860 /* SelfSignedCert */,
			);
			path = x509;
			sourceTree = "<group>";
		};
		F42E809F29470A5400640860 /* SelfSignedCert */ = {
			isa = PBXGroup;
			children = (
				F42E80BB294B442800640860 /* IDZSwiftCommonCrypto */,
				F42E807529461C3B00640860 /* SelfSigned */,
				F42E808E29461E3E00640860 /* SecurityExtensions */,
			);
			path = SelfSignedCert;
			sourceTree = "<group>";
		};
		F447E46428FD8CAE005A5F46 /* Security */ = {
			isa = PBXGroup;
			children = (
				F42E80352943612000640860 /* x509 */,
			);
			path = Security;
			sourceTree = "<group>";
		};
		F4E7695B28EBF9E800CDC7E4 = {
			isa = PBXGroup;
			children = (
				F4DE3B8629124B5700BF4727 /* NICardManagementSDK-Info.plist */,
				F4E7696728EBF9E800CDC7E4 /* CardManagementSDK */,
				F4E7697328EBF9E800CDC7E4 /* CardManagementSDKTests */,
				F4E7696628EBF9E800CDC7E4 /* Products */,
			);
			sourceTree = "<group>";
		};
		F4E7696628EBF9E800CDC7E4 /* Products */ = {
			isa = PBXGroup;
			children = (
				F4E7696528EBF9E800CDC7E4 /* NICardManagementSDK.framework */,
				F4E7696F28EBF9E800CDC7E4 /* CardManagementSDKTests.xctest */,
			);
			name = Products;
			sourceTree = "<group>";
		};
		F4E7696728EBF9E800CDC7E4 /* CardManagementSDK */ = {
			isa = PBXGroup;
			children = (
				F4E7697F28EC4B4000CDC7E4 /* Public */,
				F4E7698028EC4B4900CDC7E4 /* Source */,
				F4E7696828EBF9E800CDC7E4 /* CardManagementSDK.h */,
				F4E7696928EBF9E800CDC7E4 /* CardManagementSDK.docc */,
			);
			path = CardManagementSDK;
			sourceTree = "<group>";
		};
		F4E7697328EBF9E800CDC7E4 /* CardManagementSDKTests */ = {
			isa = PBXGroup;
			children = (
				F4E7697428EBF9E800CDC7E4 /* CardManagementSDKTests.swift */,
			);
			path = CardManagementSDKTests;
			sourceTree = "<group>";
		};
		F4E7697F28EC4B4000CDC7E4 /* Public */ = {
			isa = PBXGroup;
			children = (
				F4E7698328EC7A5600CDC7E4 /* PublicModels */,
				F4E7698128EC4BF500CDC7E4 /* NICardManagementAPI.swift */,
			);
			path = Public;
			sourceTree = "<group>";
		};
		F4E7698028EC4B4900CDC7E4 /* Source */ = {
			isa = PBXGroup;
			children = (
				F4E769FE28EDDE1700CDC7E4 /* Coordinator */,
				F4E7698428EC7A7300CDC7E4 /* Views */,
				F4E7698728EC7AA200CDC7E4 /* Utils */,
			);
			path = Source;
			sourceTree = "<group>";
		};
		F4E7698328EC7A5600CDC7E4 /* PublicModels */ = {
			isa = PBXGroup;
			children = (
				F4E76A1528EECE0600CDC7E4 /* InputModels */,
			);
			path = PublicModels;
			sourceTree = "<group>";
		};
		F4E7698428EC7A7300CDC7E4 /* Views */ = {
			isa = PBXGroup;
			children = (
				2AAA25A42A8DF4CD0068466D /* ViewPin */,
				2A4C17C729DC1EB9005CD9A0 /* VerifyPin */,
				2AD494ED2906A6D500E25695 /* ChangePin */,
				2A82D06A28F5848A00F57DC6 /* Pin */,
				F4E76A0728EDE16400CDC7E4 /* CardDetails */,
			);
			path = Views;
			sourceTree = "<group>";
		};
		F4E7698628EC7A8A00CDC7E4 /* Network */ = {
			isa = PBXGroup;
			children = (
				F447E44028F7196B005A5F46 /* Parameters */,
				F45A7E0428F0366600B3486E /* ResponseModels */,
			);
			path = Network;
			sourceTree = "<group>";
		};
		F4E7698728EC7AA200CDC7E4 /* Utils */ = {
			isa = PBXGroup;
			children = (
				2AB28EF5290027A90078E75C /* Assets.xcassets */,
				F447E4762901923F005A5F46 /* UIViewController+Alerts.swift */,
				2AC614762907E91F0008B389 /* UIView+Constraints.swift */,
				F4DE3B8729125A8900BF4727 /* UIFont+Utils.swift */,
				F4DE3B8929125AAD00BF4727 /* Bundle+Utils.swift */,
				F4DE3BCD2915773300BF4727 /* UIColor+Utils.swift */,
				F4D0BFC32930AD6D0006080C /* NibLoadable.swift */,
			);
			path = Utils;
			sourceTree = "<group>";
		};
		F4E769FE28EDDE1700CDC7E4 /* Coordinator */ = {
			isa = PBXGroup;
			children = (
				F4E76A0328EDDFC000CDC7E4 /* Coordinator.swift */,
				F4E76A0E28EEC01200CDC7E4 /* FormCoordinator.swift */,
			);
			path = Coordinator;
			sourceTree = "<group>";
		};
		F4E76A0728EDE16400CDC7E4 /* CardDetails */ = {
			isa = PBXGroup;
			children = (
				F4E76A0828EDE19900CDC7E4 /* CardDetailsViewController.swift */,
				F4E76A0928EDE19900CDC7E4 /* CardDetailsViewController.xib */,
				F48CFC1F292F8DB8000DEF69 /* NICardView.swift */,
				F4C7259D2933FBEF001B28A8 /* EyeButton.swift */,
				2A21795828F07FBA002D807C /* NICardElementsPresenter.swift */,
			);
			path = CardDetails;
			sourceTree = "<group>";
		};
		F4E76A1528EECE0600CDC7E4 /* InputModels */ = {
			isa = PBXGroup;
			children = (
				F447E47829019CF2005A5F46 /* NIPinFormType.swift */,
				BA98DEFD2BBEDB3300A0C434 /* UIElement.swift */,
				F4C725A529377062001B28A8 /* NICardAttributes.swift */,
				2A7993262A0E4C9C00EB4CAE /* NICardDetailsTextPositioning.swift */,
			);
			path = InputModels;
			sourceTree = "<group>";
		};
/* End PBXGroup section */

/* Begin PBXHeadersBuildPhase section */
		F4E7696028EBF9E800CDC7E4 /* Headers */ = {
			isa = PBXHeadersBuildPhase;
			buildActionMask = 2147483647;
			files = (
				F4E7697628EBF9E800CDC7E4 /* CardManagementSDK.h in Headers */,
			);
			runOnlyForDeploymentPostprocessing = 0;
		};
/* End PBXHeadersBuildPhase section */

/* Begin PBXNativeTarget section */
		F4E7696428EBF9E800CDC7E4 /* NICardManagementSDK */ = {
			isa = PBXNativeTarget;
			buildConfigurationList = F4E7697928EBF9E800CDC7E4 /* Build configuration list for PBXNativeTarget "NICardManagementSDK" */;
			buildPhases = (
				F4E7696028EBF9E800CDC7E4 /* Headers */,
				F4E7696128EBF9E800CDC7E4 /* Sources */,
				F4E7696228EBF9E800CDC7E4 /* Frameworks */,
				F4E7696328EBF9E800CDC7E4 /* Resources */,
			);
			buildRules = (
			);
			dependencies = (
			);
			name = NICardManagementSDK;
			packageProductDependencies = (
				A1B2C3D4E5F608090A0B0C02 /* NICardManagementSDKCore */,
			);
			productName = CardManagementSDK;
			productReference = F4E7696528EBF9E800CDC7E4 /* NICardManagementSDK.framework */;
			productType = "com.apple.product-type.framework";
		};
		F4E7696E28EBF9E800CDC7E4 /* CardManagementSDKTests */ = {
			isa = PBXNativeTarget;
			buildConfigurationList = F4E7697C28EBF9E800CDC7E4 /* Build configuration list for PBXNativeTarget "CardManagementSDKTests" */;
			buildPhases = (
				F4E7696B28EBF9E800CDC7E4 /* Sources */,
				F4E7696C28EBF9E800CDC7E4 /* Frameworks */,
				F4E7696D28EBF9E800CDC7E4 /* Resources */,
			);
			buildRules = (
			);
			dependencies = (
				F4E7697228EBF9E800CDC7E4 /* PBXTargetDependency */,
			);
			name = CardManagementSDKTests;
			productName = CardManagementSDKTests;
			productReference = F4E7696F28EBF9E800CDC7E4 /* CardManagementSDKTests.xctest */;
			productType = "com.apple.product-type.bundle.unit-test";
		};
/* End PBXNativeTarget section */

/* Begin PBXProject section */
		F4E7695C28EBF9E800CDC7E4 /* Project object */ = {
			isa = PBXProject;
			attributes = {
				BuildIndependentTargetsInParallel = 1;
				LastSwiftUpdateCheck = 1400;
				LastUpgradeCheck = 1530;
				TargetAttributes = {
					F4E7696428EBF9E800CDC7E4 = {
						CreatedOnToolsVersion = 14.0;
					};
					F4E7696E28EBF9E800CDC7E4 = {
						CreatedOnToolsVersion = 14.0;
					};
				};
			};
			buildConfigurationList = F4E7695F28EBF9E800CDC7E4 /* Build configuration list for PBXProject "CardManagementSDK" */;
			compatibilityVersion = "Xcode 13.0";
			developmentRegion = en;
			hasScannedForEncodings = 0;
			knownRegions = (
				en,
				Base,
				ar,
			);
			mainGroup = F4E7695B28EBF9E800CDC7E4;
			packageReferences = (
				A1B2C3D4E5F608090A0B0C03 /* XCLocalSwiftPackageReference "Vendor/NICardManagementSDKCore" */,
			);
			productRefGroup = F4E7696628EBF9E800CDC7E4 /* Products */;
			projectDirPath = "";
			projectRoot = "";
			targets = (
				F4E7696428EBF9E800CDC7E4 /* NICardManagementSDK */,
				F4E7696E28EBF9E800CDC7E4 /* CardManagementSDKTests */,
			);
		};
/* End PBXProject section */

/* Begin PBXResourcesBuildPhase section */
		F4E7696328EBF9E800CDC7E4 /* Resources */ = {
			isa = PBXResourcesBuildPhase;
			buildActionMask = 2147483647;
			files = (
				2AD494F12906A6F000E25695 /* ChangePinViewController.xib in Resources */,
				F4E76A0B28EDE19900CDC7E4 /* CardDetailsViewController.xib in Resources */,
				2ACE7F7028F837E500A8B01D /* PinView.xib in Resources */,
				2AB28EF6290027A90078E75C /* Assets.xcassets in Resources */,
				2A82D06E28F584D700F57DC6 /* SetPinViewController.xib in Resources */,
				2A17CB5029DC28D700AD04EC /* VerifyPinViewController.xib in Resources */,
				2AAA25AA2A8E23710068466D /* NIViewPinView.xib in Resources */,
			);
			runOnlyForDeploymentPostprocessing = 0;
		};
		F4E7696D28EBF9E800CDC7E4 /* Resources */ = {
			isa = PBXResourcesBuildPhase;
			buildActionMask = 2147483647;
			files = (
			);
			runOnlyForDeploymentPostprocessing = 0;
		};
/* End PBXResourcesBuildPhase section */

/* Begin PBXSourcesBuildPhase section */
		F4E7696128EBF9E800CDC7E4 /* Sources */ = {
			isa = PBXSourcesBuildPhase;
			buildActionMask = 2147483647;
			files = (
				F4C7259E2933FBEF001B28A8 /* EyeButton.swift in Sources */,
				F4DE3B8A29125AAD00BF4727 /* Bundle+Utils.swift in Sources */,
				2A7821F528F9A996006B54F7 /* PinViewViewModel.swift in Sources */,
				F4DE3B8829125A8900BF4727 /* UIFont+Utils.swift in Sources */,
				F4E76A0A28EDE19900CDC7E4 /* CardDetailsViewController.swift in Sources */,
				2A82D06D28F584D700F57DC6 /* SetPinViewController.swift in Sources */,
				2A82D07028F5854600F57DC6 /* SetPinViewModel.swift in Sources */,
				F4C725A629377062001B28A8 /* NICardAttributes.swift in Sources */,
				F4E7698228EC4BF500CDC7E4 /* NICardManagementAPI.swift in Sources */,
				F4DE3BCE2915773300BF4727 /* UIColor+Utils.swift in Sources */,
				F4E76A0F28EEC01200CDC7E4 /* FormCoordinator.swift in Sources */,
				2AC614772907E91F0008B389 /* UIView+Constraints.swift in Sources */,
				F48CFC20292F8DB8000DEF69 /* NICardView.swift in Sources */,
				2A21795928F07FBA002D807C /* NICardElementsPresenter.swift in Sources */,
				2A82D07228F59DE300F57DC6 /* DotView.swift in Sources */,
				F447E4772901923F005A5F46 /* UIViewController+Alerts.swift in Sources */,
				2AAA25B22A8ED2AB0068466D /* ViewPinViewModel.swift in Sources */,
				BA98DEFE2BBEDB3300A0C434 /* UIElement.swift in Sources */,
				2AD494F02906A6F000E25695 /* ChangePinViewController.swift in Sources */,
				2AAA25AC2A8E238C0068466D /* NIViewPinView.swift in Sources */,
				2A4C17C929DC1EE4005CD9A0 /* VerifyPinViewModel.swift in Sources */,
				2AD494F32906A93500E25695 /* ChangePinViewModel.swift in Sources */,
				2A7993272A0E4C9C00EB4CAE /* NICardDetailsTextPositioning.swift in Sources */,
				F447E47929019CF2005A5F46 /* NIPinFormType.swift in Sources */,
				2ACE7F7228F8388800A8B01D /* PinView.swift in Sources */,
				F4E76A0428EDDFC000CDC7E4 /* Coordinator.swift in Sources */,
				2A17CB4F29DC28D700AD04EC /* VerifyPinViewController.swift in Sources */,
				2A82D07428F59E5400F57DC6 /* KeyboardButton.swift in Sources */,
				F4D0BFC42930AD6D0006080C /* NibLoadable.swift in Sources */,
			);
			runOnlyForDeploymentPostprocessing = 0;
		};
		F4E7696B28EBF9E800CDC7E4 /* Sources */ = {
			isa = PBXSourcesBuildPhase;
			buildActionMask = 2147483647;
			files = (
				F4E7697528EBF9E800CDC7E4 /* CardManagementSDKTests.swift in Sources */,
			);
			runOnlyForDeploymentPostprocessing = 0;
		};
/* End PBXSourcesBuildPhase section */

/* Begin PBXTargetDependency section */
		F4E7697228EBF9E800CDC7E4 /* PBXTargetDependency */ = {
			isa = PBXTargetDependency;
			target = F4E7696428EBF9E800CDC7E4 /* NICardManagementSDK */;
			targetProxy = F4E7697128EBF9E800CDC7E4 /* PBXContainerItemProxy */;
		};
/* End PBXTargetDependency section */

/* Begin XCBuildConfiguration section */
		F4E7697728EBF9E800CDC7E4 /* Debug */ = {
			isa = XCBuildConfiguration;
			buildSettings = {
				ALWAYS_SEARCH_USER_PATHS = NO;
				CLANG_ANALYZER_LOCALIZABILITY_NONLOCALIZED = YES;
				CLANG_ANALYZER_NONNULL = YES;
				CLANG_ANALYZER_NUMBER_OBJECT_CONVERSION = YES_AGGRESSIVE;
				CLANG_CXX_LANGUAGE_STANDARD = "gnu++20";
				CLANG_ENABLE_MODULES = YES;
				CLANG_ENABLE_OBJC_ARC = YES;
				CLANG_ENABLE_OBJC_WEAK = YES;
				CLANG_WARN_BLOCK_CAPTURE_AUTORELEASING = YES;
				CLANG_WARN_BOOL_CONVERSION = YES;
				CLANG_WARN_COMMA = YES;
				CLANG_WARN_CONSTANT_CONVERSION = YES;
				CLANG_WARN_DEPRECATED_OBJC_IMPLEMENTATIONS = YES;
				CLANG_WARN_DIRECT_OBJC_ISA_USAGE = YES_ERROR;
				CLANG_WARN_DOCUMENTATION_COMMENTS = YES;
				CLANG_WARN_EMPTY_BODY = YES;
				CLANG_WARN_ENUM_CONVERSION = YES;
				CLANG_WARN_INFINITE_RECURSION = YES;
				CLANG_WARN_INT_CONVERSION = YES;
				CLANG_WARN_NON_LITERAL_NULL_CONVERSION = YES;
				CLANG_WARN_OBJC_IMPLICIT_RETAIN_SELF = YES;
				CLANG_WARN_OBJC_LITERAL_CONVERSION = YES;
				CLANG_WARN_OBJC_ROOT_CLASS = YES_ERROR;
				CLANG_WARN_QUOTED_INCLUDE_IN_FRAMEWORK_HEADER = YES;
				CLANG_WARN_RANGE_LOOP_ANALYSIS = YES;
				CLANG_WARN_STRICT_PROTOTYPES = YES;
				CLANG_WARN_SUSPICIOUS_MOVE = YES;
				CLANG_WARN_UNGUARDED_AVAILABILITY = YES_AGGRESSIVE;
				CLANG_WARN_UNREACHABLE_CODE = YES;
				CLANG_WARN__DUPLICATE_METHOD_MATCH = YES;
				COPY_PHASE_STRIP = NO;
				CURRENT_PROJECT_VERSION = 1;
				DEBUG_INFORMATION_FORMAT = dwarf;
				ENABLE_STRICT_OBJC_MSGSEND = YES;
				ENABLE_TESTABILITY = YES;
				ENABLE_USER_SCRIPT_SANDBOXING = YES;
				GCC_C_LANGUAGE_STANDARD = gnu11;
				GCC_DYNAMIC_NO_PIC = NO;
				GCC_NO_COMMON_BLOCKS = YES;
				GCC_OPTIMIZATION_LEVEL = 0;
				GCC_PREPROCESSOR_DEFINITIONS = (
					"DEBUG=1",
					"$(inherited)",
				);
				GCC_WARN_64_TO_32_BIT_CONVERSION = YES;
				GCC_WARN_ABOUT_RETURN_TYPE = YES_ERROR;
				GCC_WARN_UNDECLARED_SELECTOR = YES;
				GCC_WARN_UNINITIALIZED_AUTOS = YES_AGGRESSIVE;
				GCC_WARN_UNUSED_FUNCTION = YES;
				GCC_WARN_UNUSED_VARIABLE = YES;
				IPHONEOS_DEPLOYMENT_TARGET = 15.0;
				MTL_ENABLE_DEBUG_INFO = INCLUDE_SOURCE;
				MTL_FAST_MATH = YES;
				ONLY_ACTIVE_ARCH = YES;
				SDKROOT = iphoneos;
				SWIFT_ACTIVE_COMPILATION_CONDITIONS = DEBUG;
				SWIFT_OPTIMIZATION_LEVEL = "-Onone";
				VERSIONING_SYSTEM = "apple-generic";
				VERSION_INFO_PREFIX = "";
			};
			name = Debug;
		};
		F4E7697828EBF9E800CDC7E4 /* Release */ = {
			isa = XCBuildConfiguration;
			buildSettings = {
				ALWAYS_SEARCH_USER_PATHS = NO;
				CLANG_ANALYZER_LOCALIZABILITY_NONLOCALIZED = YES;
				CLANG_ANALYZER_NONNULL = YES;
				CLANG_ANALYZER_NUMBER_OBJECT_CONVERSION = YES_AGGRESSIVE;
				CLANG_CXX_LANGUAGE_STANDARD = "gnu++20";
				CLANG_ENABLE_MODULES = YES;
				CLANG_ENABLE_OBJC_ARC = YES;
				CLANG_ENABLE_OBJC_WEAK = YES;
				CLANG_WARN_BLOCK_CAPTURE_AUTORELEASING = YES;
				CLANG_WARN_BOOL_CONVERSION = YES;
				CLANG_WARN_COMMA = YES;
				CLANG_WARN_CONSTANT_CONVERSION = YES;
				CLANG_WARN_DEPRECATED_OBJC_IMPLEMENTATIONS = YES;
				CLANG_WARN_DIRECT_OBJC_ISA_USAGE = YES_ERROR;
				CLANG_WARN_DOCUMENTATION_COMMENTS = YES;
				CLANG_WARN_EMPTY_BODY = YES;
				CLANG_WARN_ENUM_CONVERSION = YES;
				CLANG_WARN_INFINITE_RECURSION = YES;
				CLANG_WARN_INT_CONVERSION = YES;
				CLANG_WARN_NON_LITERAL_NULL_CONVERSION = YES;
				CLANG_WARN_OBJC_IMPLICIT_RETAIN_SELF = YES;
				CLANG_WARN_OBJC_LITERAL_CONVERSION = YES;
				CLANG_WARN_OBJC_ROOT_CLASS = YES_ERROR;
				CLANG_WARN_QUOTED_INCLUDE_IN_FRAMEWORK_HEADER = YES;
				CLANG_WARN_RANGE_LOOP_ANALYSIS = YES;
				CLANG_WARN_STRICT_PROTOTYPES = YES;
				CLANG_WARN_SUSPICIOUS_MOVE = YES;
				CLANG_WARN_UNGUARDED_AVAILABILITY = YES_AGGRESSIVE;
				CLANG_WARN_UNREACHABLE_CODE = YES;
				CLANG_WARN__DUPLICATE_METHOD_MATCH = YES;
				COPY_PHASE_STRIP = NO;
				CURRENT_PROJECT_VERSION = 1;
				DEBUG_INFORMATION_FORMAT = "dwarf-with-dsym";
				ENABLE_NS_ASSERTIONS = NO;
				ENABLE_STRICT_OBJC_MSGSEND = YES;
				ENABLE_USER_SCRIPT_SANDBOXING = YES;
				GCC_C_LANGUAGE_STANDARD = gnu11;
				GCC_NO_COMMON_BLOCKS = YES;
				GCC_WARN_64_TO_32_BIT_CONVERSION = YES;
				GCC_WARN_ABOUT_RETURN_TYPE = YES_ERROR;
				GCC_WARN_UNDECLARED_SELECTOR = YES;
				GCC_WARN_UNINITIALIZED_AUTOS = YES_AGGRESSIVE;
				GCC_WARN_UNUSED_FUNCTION = YES;
				GCC_WARN_UNUSED_VARIABLE = YES;
				IPHONEOS_DEPLOYMENT_TARGET = 15.0;
				MTL_ENABLE_DEBUG_INFO = NO;
				MTL_FAST_MATH = YES;
				SDKROOT = iphoneos;
				SWIFT_COMPILATION_MODE = wholemodule;
				SWIFT_OPTIMIZATION_LEVEL = "-O";
				VALIDATE_PRODUCT = YES;
				VERSIONING_SYSTEM = "apple-generic";
				VERSION_INFO_PREFIX = "";
			};
			name = Release;
		};
		F4E7697A28EBF9E800CDC7E4 /* Debug */ = {
			isa = XCBuildConfiguration;
			buildSettings = {
				BUILD_LIBRARY_FOR_DISTRIBUTION = YES;
				CODE_SIGN_IDENTITY = "";
				CODE_SIGN_STYLE = Manual;
				CURRENT_PROJECT_VERSION = 1;
				DEFINES_MODULE = YES;
				DEVELOPMENT_TEAM = "";
				DYLIB_COMPATIBILITY_VERSION = 1;
				DYLIB_CURRENT_VERSION = 1;
				DYLIB_INSTALL_NAME_BASE = "@rpath";
				ENABLE_MODULE_VERIFIER = YES;
				GENERATE_INFOPLIST_FILE = YES;
				INFOPLIST_FILE = "NICardManagementSDK-Info.plist";
				INFOPLIST_KEY_NSHumanReadableCopyright = "";
				INSTALL_PATH = "$(LOCAL_LIBRARY_DIR)/Frameworks";
				LD_RUNPATH_SEARCH_PATHS = (
					"$(inherited)",
					"@executable_path/Frameworks",
					"@loader_path/Frameworks",
				);
				MARKETING_VERSION = 2.2.0;
				MODULE_VERIFIER_SUPPORTED_LANGUAGE_STANDARDS = "gnu11 gnu++20";
				PRODUCT_BUNDLE_IDENTIFIER = com.networkinternational.CardManagementSDK;
				PRODUCT_NAME = "$(TARGET_NAME:c99extidentifier)";
				PROVISIONING_PROFILE_SPECIFIER = "";
				SKIP_INSTALL = YES;
				SWIFT_EMIT_LOC_STRINGS = YES;
				SWIFT_VERSION = 5.0;
				TARGETED_DEVICE_FAMILY = "1,2";
			};
			name = Debug;
		};
		F4E7697B28EBF9E800CDC7E4 /* Release */ = {
			isa = XCBuildConfiguration;
			buildSettings = {
				BUILD_LIBRARY_FOR_DISTRIBUTION = YES;
				CODE_SIGN_IDENTITY = "";
				CODE_SIGN_STYLE = Manual;
				CURRENT_PROJECT_VERSION = 1;
				DEFINES_MODULE = YES;
				DEVELOPMENT_TEAM = "";
				DYLIB_COMPATIBILITY_VERSION = 1;
				DYLIB_CURRENT_VERSION = 1;
				DYLIB_INSTALL_NAME_BASE = "@rpath";
				ENABLE_MODULE_VERIFIER = YES;
				GENERATE_INFOPLIST_FILE = YES;
				INFOPLIST_FILE = "NICardManagementSDK-Info.plist";
				INFOPLIST_KEY_NSHumanReadableCopyright = "";
				INSTALL_PATH = "$(LOCAL_LIBRARY_DIR)/Frameworks";
				LD_RUNPATH_SEARCH_PATHS = (
					"$(inherited)",
					"@executable_path/Frameworks",
					"@loader_path/Frameworks",
				);
				MARKETING_VERSION = 2.2.0;
				MODULE_VERIFIER_SUPPORTED_LANGUAGE_STANDARDS = "gnu11 gnu++20";
				PRODUCT_BUNDLE_IDENTIFIER = com.networkinternational.CardManagementSDK;
				PRODUCT_NAME = "$(TARGET_NAME:c99extidentifier)";
				PROVISIONING_PROFILE_SPECIFIER = "";
				SKIP_INSTALL = YES;
				SWIFT_EMIT_LOC_STRINGS = YES;
				SWIFT_VERSION = 5.0;
				TARGETED_DEVICE_FAMILY = "1,2";
			};
			name = Release;
		};
		F4E7697D28EBF9E800CDC7E4 /* Debug */ = {
			isa = XCBuildConfiguration;
			buildSettings = {
				ALWAYS_EMBED_SWIFT_STANDARD_LIBRARIES = YES;
				CODE_SIGN_STYLE = Manual;
				CURRENT_PROJECT_VERSION = 1;
				DEVELOPMENT_TEAM = "";
				GENERATE_INFOPLIST_FILE = YES;
				MARKETING_VERSION = 2.2.0;
				PRODUCT_BUNDLE_IDENTIFIER = com.networkinternational.CardManagementSDKTests;
				PRODUCT_NAME = "$(TARGET_NAME)";
				PROVISIONING_PROFILE_SPECIFIER = "";
				SWIFT_EMIT_LOC_STRINGS = NO;
				SWIFT_VERSION = 5.0;
				TARGETED_DEVICE_FAMILY = "1,2";
			};
			name = Debug;
		};
		F4E7697E28EBF9E800CDC7E4 /* Release */ = {
			isa = XCBuildConfiguration;
			buildSettings = {
				ALWAYS_EMBED_SWIFT_STANDARD_LIBRARIES = YES;
				CODE_SIGN_STYLE = Manual;
				CURRENT_PROJECT_VERSION = 1;
				DEVELOPMENT_TEAM = "";
				GENERATE_INFOPLIST_FILE = YES;
				MARKETING_VERSION = 2.2.0;
				PRODUCT_BUNDLE_IDENTIFIER = com.networkinternational.CardManagementSDKTests;
				PRODUCT_NAME = "$(TARGET_NAME)";
				PROVISIONING_PROFILE_SPECIFIER = "";
				SWIFT_EMIT_LOC_STRINGS = NO;
				SWIFT_VERSION = 5.0;
				TARGETED_DEVICE_FAMILY = "1,2";
			};
			name = Release;
		};
/* End XCBuildConfiguration section */

/* Begin XCConfigurationList section */
		F4E7695F28EBF9E800CDC7E4 /* Build configuration list for PBXProject "CardManagementSDK" */ = {
			isa = XCConfigurationList;
			buildConfigurations = (
				F4E7697728EBF9E800CDC7E4 /* Debug */,
				F4E7697828EBF9E800CDC7E4 /* Release */,
			);
			defaultConfigurationIsVisible = 0;
			defaultConfigurationName = Release;
		};
		F4E7697928EBF9E800CDC7E4 /* Build configuration list for PBXNativeTarget "NICardManagementSDK" */ = {
			isa = XCConfigurationList;
			buildConfigurations = (
				F4E7697A28EBF9E800CDC7E4 /* Debug */,
				F4E7697B28EBF9E800CDC7E4 /* Release */,
			);
			defaultConfigurationIsVisible = 0;
			defaultConfigurationName = Release;
		};
		F4E7697C28EBF9E800CDC7E4 /* Build configuration list for PBXNativeTarget "CardManagementSDKTests" */ = {
			isa = XCConfigurationList;
			buildConfigurations = (
				F4E7697D28EBF9E800CDC7E4 /* Debug */,
				F4E7697E28EBF9E800CDC7E4 /* Release */,
			);
			defaultConfigurationIsVisible = 0;
			defaultConfigurationName = Release;
		};
/* End XCConfigurationList section */

/* Begin XCLocalSwiftPackageReference section */
		A1B2C3D4E5F608090A0B0C03 /* XCLocalSwiftPackageReference "Vendor/NICardManagementSDKCore" */ = {
			isa = XCLocalSwiftPackageReference;
			relativePath = Vendor/NICardManagementSDKCore;
		};
/* End XCLocalSwiftPackageReference section */

/* Begin XCSwiftPackageProductDependency section */
		A1B2C3D4E5F608090A0B0C02 /* NICardManagementSDKCore */ = {
			isa = XCSwiftPackageProductDependency;
			package = A1B2C3D4E5F608090A0B0C03 /* XCLocalSwiftPackageReference "Vendor/NICardManagementSDKCore" */;
			productName = NICardManagementSDKCore;
		};
/* End XCSwiftPackageProductDependency section */

	};
	rootObject = F4E7695C28EBF9E800CDC7E4 /* Project object */;
}
